{
  "requires": true,
  "lockfileVersion": 1,
  "dependencies": {
    "markdown-html": {
      "version": "0.0.8",
      "resolved": "http://npm.yunxuetang.com.cn/repository/yxt-npm/markdown-html/-/markdown-html-0.0.8.tgz",
      "integrity": "sha512-l9DNgPf6ESIj6bdGasACkWscz0jI9OJB5fTbB0U+07BNoaUt87GGeE5GLgEShvbJC8uSyoW9ABro2AWV/TJepQ==",
      "requires": {
        "marked": "^0.3.2",
        "mu2": "~0.5.14",
        "optimist": "~0.3.4"
      }
    },
    "marked": {
      "version": "0.3.19",
      "resolved": "http://npm.yunxuetang.com.cn/repository/yxt-npm/marked/-/marked-0.3.19.tgz",
      "integrity": "sha512-ea2eGWOqNxPcXv8dyERdSr/6FmzvWwzjMxpfGB/sbMccXoct+xY+YukPD+QTUZwyvK7BZwcr4m21WBOW41pAkg=="
    },
    "mu2": {
      "version": "0.5.21",
      "resolved": "http://npm.yunxuetang.com.cn/repository/yxt-npm/mu2/-/mu2-0.5.21.tgz",
      "integrity": "sha512-N0w5yapK+Vr4WJrZrE9pDVRxWa1SntycPBmDeFya2i54kS6VQXq8J7bYBhCNxeKvij3QfaFDDWBthLGai1Kbgw=="
    },
    "optimist": {
      "version": "0.3.7",
      "resolved": "http://npm.yunxuetang.com.cn/repository/yxt-npm/optimist/-/optimist-0.3.7.tgz",
      "integrity": "sha512-TCx0dXQzVtSCg2OgY/bO9hjM9cV4XYx09TVK+s3+FhkjT6LovsLe+pPMzpWf+6yXK/hUizs2gUoTw3jHM0VaTQ==",
      "requires": {
        "wordwrap": "~0.0.2"
      }
    },
    "wordwrap": {
      "version": "0.0.3",
      "resolved": "http://npm.yunxuetang.com.cn/repository/yxt-npm/wordwrap/-/wordwrap-0.0.3.tgz",
      "integrity": "sha512-1tMA907+V4QmxV7dbRvb4/8MaRALK6q9Abid3ndMYnbyo8piisCmeONVqVSXqQA3KaP4SLt5b7ud6E2sqP8TFw=="
    }
  }
}
